
Microsoft Visual Studio Solution File, Format Version 12.00
# Visual Studio Version 17
VisualStudioVersion = 17.4.33103.184
MinimumVisualStudioVersion = 10.0.40219.1
Project("{FAE04EC0-301F-11D3-BF4B-00C04F79EFBC}") = "CursoDeIdiomas.API", "CursoDeIdiomas\CursoDeIdiomas.API.csproj", "{4CA905A5-6417-4967-8B46-C37C5B2A03C5}"
EndProject
Project("{FAE04EC0-301F-11D3-BF4B-00C04F79EFBC}") = "CursoDeIdiomas.Domain", "CursoDeIdiomas.Domain\CursoDeIdiomas.Domain.csproj", "{537D9B2A-114D-4C8A-A6B9-91A71F004674}"
EndProject
Global
	GlobalSection(SolutionConfigurationPlatforms) = preSolution
		Debug|Any CPU = Debug|Any CPU
		Release|Any CPU = Release|Any CPU
	EndGlobalSection
	GlobalSection(ProjectConfigurationPlatforms) = postSolution
		{4CA905A5-6417-4967-8B46-C37C5B2A03C5}.Debug|Any CPU.ActiveCfg = Debug|Any CPU
		{4CA905A5-6417-4967-8B46-C37C5B2A03C5}.Debug|Any CPU.Build.0 = Debug|Any CPU
		{4CA905A5-6417-4967-8B46-C37C5B2A03C5}.Release|Any CPU.ActiveCfg = Release|Any CPU
		{4CA905A5-6417-4967-8B46-C37C5B2A03C5}.Release|Any CPU.Build.0 = Release|Any CPU
		{537D9B2A-114D-4C8A-A6B9-91A71F004674}.Debug|Any CPU.ActiveCfg = Debug|Any CPU
		{537D9B2A-114D-4C8A-A6B9-91A71F004674}.Debug|Any CPU.Build.0 = Debug|Any CPU
		{537D9B2A-114D-4C8A-A6B9-91A71F004674}.Release|Any CPU.ActiveCfg = Release|Any CPU
		{537D9B2A-114D-4C8A-A6B9-91A71F004674}.Release|Any CPU.Build.0 = Release|Any CPU
	EndGlobalSection
	GlobalSection(SolutionProperties) = preSolution
		HideSolutionNode = FALSE
	EndGlobalSection
	GlobalSection(ExtensibilityGlobals) = postSolution
		SolutionGuid = {0F9371ED-A63E-470F-A82F-F3A3ADCE204B}
	EndGlobalSection
EndGlobal
